
Microsoft Visual Studio Solution File, Format Version 12.00
# Visual Studio Version 17
VisualStudioVersion = 17.11.35303.130
MinimumVisualStudioVersion = 10.0.40219.1
Project("{FAE04EC0-301F-11D3-BF4B-00C04F79EFBC}") = "Условные операторы", "Условные операторы\Условные операторы.csproj", "{31A4C87F-8BCA-43DF-AD73-BDA1820AB9D4}"
EndProject
Global
	GlobalSection(SolutionConfigurationPlatforms) = preSolution
		Debug|Any CPU = Debug|Any CPU
		Release|Any CPU = Release|Any CPU
	EndGlobalSection
	GlobalSection(ProjectConfigurationPlatforms) = postSolution
		{31A4C87F-8BCA-43DF-AD73-BDA1820AB9D4}.Debug|Any CPU.ActiveCfg = Debug|Any CPU
		{31A4C87F-8BCA-43DF-AD73-BDA1820AB9D4}.Debug|Any CPU.Build.0 = Debug|Any CPU
		{31A4C87F-8BCA-43DF-AD73-BDA1820AB9D4}.Release|Any CPU.ActiveCfg = Release|Any CPU
		{31A4C87F-8BCA-43DF-AD73-BDA1820AB9D4}.Release|Any CPU.Build.0 = Release|Any CPU
	EndGlobalSection
	GlobalSection(SolutionProperties) = preSolution
		HideSolutionNode = FALSE
	EndGlobalSection
	GlobalSection(ExtensibilityGlobals) = postSolution
		SolutionGuid = {8A1EA151-81EC-413C-9D3D-5AC146F151BF}
	EndGlobalSection
EndGlobal
